version = 1
revision = 3
requires-python = "==3.10.*"

[[package]]
name = "certifi"
version = "2026.2.25"
source = { registry = "https://pypi.org/simple" }
sdist = { url = "https://files.pythonhosted.org/packages/af/2d/7bf41579a8986e348fa033a31cdd0e4121114f6bce2457e8876010b092dd/certifi-2026.2.25.tar.gz", hash = "sha256:e887ab5cee78ea814d3472169153c2d12cd43b14bd03329a39a9c6e2e80bfba7", size = 155029, upload-time = "2026-02-25T02:54:17.342Z" }
wheels = [
    { url = "https://files.pythonhosted.org/packages/9a/3c/c17fb3ca2d9c3acff52e30b309f538586f9f5b9c9cf454f3845fc9af4881/certifi-2026.2.25-py3-none-any.whl", hash = "sha256:027692e4402ad994f1c42e52a4997a9763c646b73e4096e4d5d6db8af1d6f0fa", size = 153684, upload-time = "2026-02-25T02:54:15.766Z" },
]

[[package]]
name = "charset-normalizer"
version = "3.4.6"
source = { registry = "https://pypi.org/simple" }
sdist = { url = "https://files.pythonhosted.org/packages/7b/60/e3bec1881450851b087e301bedc3daa9377a4d45f1c26aa90b0b235e38aa/charset_normalizer-3.4.6.tar.gz", hash = "sha256:1ae6b62897110aa7c79ea2f5dd38d1abca6db663687c0b1ad9aed6f6bae3d9d6", size = 143363, upload-time = "2026-03-15T18:53:25.478Z" }
wheels = [
    { url = "https://files.pythonhosted.org/packages/e6/8c/2c56124c6dc53a774d435f985b5973bc592f42d437be58c0c92d65ae7296/charset_normalizer-3.4.6-cp310-cp310-macosx_10_9_universal2.whl", hash = "sha256:2e1d8ca8611099001949d1cdfaefc510cf0f212484fe7c565f735b68c78c3c95", size = 298751, upload-time = "2026-03-15T18:50:00.003Z" },
    { url = "https://files.pythonhosted.org/packages/86/2a/2a7db6b314b966a3bcad8c731c0719c60b931b931de7ae9f34b2839289ee/charset_normalizer-3.4.6-cp310-cp310-manylinux2014_aarch64.manylinux_2_17_aarch64.manylinux_2_28_aarch64.whl", hash = "sha256:e25369dc110d58ddf29b949377a93e0716d72a24f62bad72b2b39f155949c1fd", size = 200027, upload-time = "2026-03-15T18:50:01.702Z" },
    { url = "https://files.pythonhosted.org/packages/68/f2/0fe775c74ae25e2a3b07b01538fc162737b3e3f795bada3bc26f4d4d495c/charset_normalizer-3.4.6-cp310-cp310-manylinux2014_ppc64le.manylinux_2_17_ppc64le.manylinux_2_28_ppc64le.whl", hash = "sha256:259695e2ccc253feb2a016303543d691825e920917e31f894ca1a687982b1de4", size = 220741, upload-time = "2026-03-15T18:50:03.194Z" },
    { url = "https://files.pythonhosted.org/packages/10/98/8085596e41f00b27dd6aa1e68413d1ddda7e605f34dd546833c61fddd709/charset_normalizer-3.4.6-cp310-cp310-manylinux2014_s390x.manylinux_2_17_s390x.manylinux_2_28_s390x.whl", hash = "sha256:dda86aba335c902b6149a02a55b38e96287157e609200811837678214ba2b1db", size = 215802, upload-time = "2026-03-15T18:50:05.859Z" },
    { url = "https://files.pythonhosted.org/packages/fd/ce/865e4e09b041bad659d682bbd98b47fb490b8e124f9398c9448065f64fee/charset_normalizer-3.4.6-cp310-cp310-manylinux2014_x86_64.manylinux_2_17_x86_64.manylinux_2_28_x86_64.whl", hash = "sha256:51fb3c322c81d20567019778cb5a4a6f2dc1c200b886bc0d636238e364848c89", size = 207908, upload-time = "2026-03-15T18:50:07.676Z" },
    { url = "https://files.pythonhosted.org/packages/a8/54/8c757f1f7349262898c2f169e0d562b39dcb977503f18fdf0814e923db78/charset_normalizer-3.4.6-cp310-cp310-manylinux_2_31_armv7l.whl", hash = "sha256:4482481cb0572180b6fd976a4d5c72a30263e98564da68b86ec91f0fe35e8565", size = 194357, upload-time = "2026-03-15T18:50:09.327Z" },
    { url = "https://files.pythonhosted.org/packages/6f/29/e88f2fac9218907fc7a70722b393d1bbe8334c61fe9c46640dba349b6e66/charset_normalizer-3.4.6-cp310-cp310-manylinux_2_31_riscv64.manylinux_2_39_riscv64.whl", hash = "sha256:39f5068d35621da2881271e5c3205125cc456f54e9030d3f723288c873a71bf9", size = 205610, upload-time = "2026-03-15T18:50:10.732Z" },
    { url = "https://files.pythonhosted.org/packages/4c/c5/21d7bb0cb415287178450171d130bed9d664211fdd59731ed2c34267b07d/charset_normalizer-3.4.6-cp310-cp310-musllinux_1_2_aarch64.whl", hash = "sha256:8bea55c4eef25b0b19a0337dc4e3f9a15b00d569c77211fa8cde38684f234fb7", size = 203512, upload-time = "2026-03-15T18:50:12.535Z" },
    { url = "https://files.pythonhosted.org/packages/a4/be/ce52f3c7fdb35cc987ad38a53ebcef52eec498f4fb6c66ecfe62cfe57ba2/charset_normalizer-3.4.6-cp310-cp310-musllinux_1_2_armv7l.whl", hash = "sha256:f0cdaecd4c953bfae0b6bb64910aaaca5a424ad9c72d85cb88417bb9814f7550", size = 195398, upload-time = "2026-03-15T18:50:14.236Z" },
    { url = "https://files.pythonhosted.org/packages/81/a0/3ab5dd39d4859a3555e5dadfc8a9fa7f8352f8c183d1a65c90264517da0e/charset_normalizer-3.4.6-cp310-cp310-musllinux_1_2_ppc64le.whl", hash = "sha256:150b8ce8e830eb7ccb029ec9ca36022f756986aaaa7956aad6d9ec90089338c0", size = 221772, upload-time = "2026-03-15T18:50:15.581Z" },
    { url = "https://files.pythonhosted.org/packages/04/6e/6a4e41a97ba6b2fa87f849c41e4d229449a586be85053c4d90135fe82d26/charset_normalizer-3.4.6-cp310-cp310-musllinux_1_2_riscv64.whl", hash = "sha256:e68c14b04827dd76dcbd1aeea9e604e3e4b78322d8faf2f8132c7138efa340a8", size = 205759, upload-time = "2026-03-15T18:50:17.047Z" },
    { url = "https://files.pythonhosted.org/packages/db/3b/34a712a5ee64a6957bf355b01dc17b12de457638d436fdb05d01e463cd1c/charset_normalizer-3.4.6-cp310-cp310-musllinux_1_2_s390x.whl", hash = "sha256:3778fd7d7cd04ae8f54651f4a7a0bd6e39a0cf20f801720a4c21d80e9b7ad6b0", size = 216938, upload-time = "2026-03-15T18:50:18.44Z" },
    { url = "https://files.pythonhosted.org/packages/cb/05/5bd1e12da9ab18790af05c61aafd01a60f489778179b621ac2a305243c62/charset_normalizer-3.4.6-cp310-cp310-musllinux_1_2_x86_64.whl", hash = "sha256:dad6e0f2e481fffdcf776d10ebee25e0ef89f16d691f1e5dee4b586375fdc64b", size = 210138, upload-time = "2026-03-15T18:50:19.852Z" },
    { url = "https://files.pythonhosted.org/packages/bd/8e/3cb9e2d998ff6b21c0a1860343cb7b83eba9cdb66b91410e18fc4969d6ab/charset_normalizer-3.4.6-cp310-cp310-win32.whl", hash = "sha256:74a2e659c7ecbc73562e2a15e05039f1e22c75b7c7618b4b574a3ea9118d1557", size = 144137, upload-time = "2026-03-15T18:50:21.505Z" },
    { url = "https://files.pythonhosted.org/packages/d8/8f/78f5489ffadb0db3eb7aff53d31c24531d33eb545f0c6f6567c25f49a5ff/charset_normalizer-3.4.6-cp310-cp310-win_amd64.whl", hash = "sha256:aa9cccf4a44b9b62d8ba8b4dd06c649ba683e4bf04eea606d2e94cfc2d6ff4d6", size = 154244, upload-time = "2026-03-15T18:50:22.81Z" },
    { url = "https://files.pythonhosted.org/packages/e4/74/e472659dffb0cadb2f411282d2d76c60da1fc94076d7fffed4ae8a93ec01/charset_normalizer-3.4.6-cp310-cp310-win_arm64.whl", hash = "sha256:e985a16ff513596f217cee86c21371b8cd011c0f6f056d0920aa2d926c544058", size = 143312, upload-time = "2026-03-15T18:50:24.074Z" },
    { url = "https://files.pythonhosted.org/packages/2a/68/687187c7e26cb24ccbd88e5069f5ef00eba804d36dde11d99aad0838ab45/charset_normalizer-3.4.6-py3-none-any.whl", hash = "sha256:947cf925bc916d90adba35a64c82aace04fa39b46b52d4630ece166655905a69", size = 61455, upload-time = "2026-03-15T18:53:23.833Z" },
]

[[package]]
name = "idna"
version = "3.11"
source = { registry = "https://pypi.org/simple" }
sdist = { url = "https://files.pythonhosted.org/packages/6f/6d/0703ccc57f3a7233505399edb88de3cbd678da106337b9fcde432b65ed60/idna-3.11.tar.gz", hash = "sha256:795dafcc9c04ed0c1fb032c2aa73654d8e8c5023a7df64a53f39190ada629902", size = 194582, upload-time = "2025-10-12T14:55:20.501Z" }
wheels = [
    { url = "https://files.pythonhosted.org/packages/0e/61/66938bbb5fc52dbdf84594873d5b51fb1f7c7794e9c0f5bd885f30bc507b/idna-3.11-py3-none-any.whl", hash = "sha256:771a87f49d9defaf64091e6e6fe9c18d4833f140bd19464795bc32d966ca37ea", size = 71008, upload-time = "2025-10-12T14:55:18.883Z" },
]

[[package]]
name = "jau"
version = "0.1.0"
source = { editable = "." }
dependencies = [
    { name = "requests" },
]

[package.metadata]
requires-dist = [{ name = "requests", specifier = ">=2.32.5" }]

[[package]]
name = "requests"
version = "2.32.5"
source = { registry = "https://pypi.org/simple" }
dependencies = [
    { name = "certifi" },
    { name = "charset-normalizer" },
    { name = "idna" },
    { name = "urllib3" },
]
sdist = { url = "https://files.pythonhosted.org/packages/c9/74/b3ff8e6c8446842c3f5c837e9c3dfcfe2018ea6ecef224c710c85ef728f4/requests-2.32.5.tar.gz", hash = "sha256:dbba0bac56e100853db0ea71b82b4dfd5fe2bf6d3754a8893c3af500cec7d7cf", size = 134517, upload-time = "2025-08-18T20:46:02.573Z" }
wheels = [
    { url = "https://files.pythonhosted.org/packages/1e/db/4254e3eabe8020b458f1a747140d32277ec7a271daf1d235b70dc0b4e6e3/requests-2.32.5-py3-none-any.whl", hash = "sha256:2462f94637a34fd532264295e186976db0f5d453d1cdd31473c85a6a161affb6", size = 64738, upload-time = "2025-08-18T20:46:00.542Z" },
]

[[package]]
name = "urllib3"
version = "2.6.3"
source = { registry = "https://pypi.org/simple" }
sdist = { url = "https://files.pythonhosted.org/packages/c7/24/5f1b3bdffd70275f6661c76461e25f024d5a38a46f04aaca912426a2b1d3/urllib3-2.6.3.tar.gz", hash = "sha256:1b62b6884944a57dbe321509ab94fd4d3b307075e0c2eae991ac71ee15ad38ed", size = 435556, upload-time = "2026-01-07T16:24:43.925Z" }
wheels = [
    { url = "https://files.pythonhosted.org/packages/39/08/aaaad47bc4e9dc8c725e68f9d04865dbcb2052843ff09c97b08904852d84/urllib3-2.6.3-py3-none-any.whl", hash = "sha256:bf272323e553dfb2e87d9bfd225ca7b0f467b919d7bbd355436d3fd37cb0acd4", size = 131584, upload-time = "2026-01-07T16:24:42.685Z" },
]
